
Microsoft Visual Studio Solution File, Format Version 10.00
# Visual Studio 2008
Project("{FAE04EC0-301F-11D3-BF4B-00C04F79EFBC}") = "GameServer", "GameServer\GameServer.csproj", "{BBDCC479-693B-4B31-BF36-D15EC3573D51}"
EndProject
Global
	GlobalSection(SolutionConfigurationPlatforms) = preSolution
		Debug|Any CPU = Debug|Any CPU
		Release|Any CPU = Release|Any CPU
	EndGlobalSection
	GlobalSection(ProjectConfigurationPlatforms) = postSolution
		{BBDCC479-693B-4B31-BF36-D15EC3573D51}.Debug|Any CPU.ActiveCfg = Debug|Any CPU
		{BBDCC479-693B-4B31-BF36-D15EC3573D51}.Debug|Any CPU.Build.0 = Debug|Any CPU
		{BBDCC479-693B-4B31-BF36-D15EC3573D51}.Release|Any CPU.ActiveCfg = Release|Any CPU
		{BBDCC479-693B-4B31-BF36-D15EC3573D51}.Release|Any CPU.Build.0 = Release|Any CPU
	EndGlobalSection
	GlobalSection(SolutionProperties) = preSolution
		HideSolutionNode = FALSE
	EndGlobalSection
EndGlobal
